
Microsoft Visual Studio Solution File, Format Version 12.00
# Visual Studio Version 17
VisualStudioVersion = 17.4.33205.214
MinimumVisualStudioVersion = 10.0.40219.1
Project("{FAE04EC0-301F-11D3-BF4B-00C04F79EFBC}") = "StudentWebsite", "StudentWebsite.csproj", "{D313B3D6-CB5C-486C-A66C-F00322C538CA}"
EndProject
Global
	GlobalSection(SolutionConfigurationPlatforms) = preSolution
		Debug|Any CPU = Debug|Any CPU
		Release|Any CPU = Release|Any CPU
	EndGlobalSection
	GlobalSection(ProjectConfigurationPlatforms) = postSolution
		{D313B3D6-CB5C-486C-A66C-F00322C538CA}.Debug|Any CPU.ActiveCfg = Debug|Any CPU
		{D313B3D6-CB5C-486C-A66C-F00322C538CA}.Debug|Any CPU.Build.0 = Debug|Any CPU
		{D313B3D6-CB5C-486C-A66C-F00322C538CA}.Release|Any CPU.ActiveCfg = Release|Any CPU
		{D313B3D6-CB5C-486C-A66C-F00322C538CA}.Release|Any CPU.Build.0 = Release|Any CPU
	EndGlobalSection
	GlobalSection(SolutionProperties) = preSolution
		HideSolutionNode = FALSE
	EndGlobalSection
	GlobalSection(ExtensibilityGlobals) = postSolution
		SolutionGuid = {F89D05CC-5157-4275-96BB-DC249792D81A}
	EndGlobalSection
EndGlobal
